
Microsoft Visual Studio Solution File, Format Version 12.00
# Visual Studio 15
VisualStudioVersion = 15.0.28307.329
MinimumVisualStudioVersion = 10.0.40219.1
Project("{FAE04EC0-301F-11D3-BF4B-00C04F79EFBC}") = "OldFileDeleter", "OldFileDeleter.csproj", "{8BB26A4C-A06E-41E6-9072-5ADFA47DEABA}"
EndProject
Global
	GlobalSection(SolutionConfigurationPlatforms) = preSolution
		Debug|Any CPU = Debug|Any CPU
		Release|Any CPU = Release|Any CPU
	EndGlobalSection
	GlobalSection(ProjectConfigurationPlatforms) = postSolution
		{8BB26A4C-A06E-41E6-9072-5ADFA47DEABA}.Debug|Any CPU.ActiveCfg = Debug|Any CPU
		{8BB26A4C-A06E-41E6-9072-5ADFA47DEABA}.Debug|Any CPU.Build.0 = Debug|Any CPU
		{8BB26A4C-A06E-41E6-9072-5ADFA47DEABA}.Release|Any CPU.ActiveCfg = Release|Any CPU
		{8BB26A4C-A06E-41E6-9072-5ADFA47DEABA}.Release|Any CPU.Build.0 = Release|Any CPU
	EndGlobalSection
	GlobalSection(SolutionProperties) = preSolution
		HideSolutionNode = FALSE
	EndGlobalSection
	GlobalSection(ExtensibilityGlobals) = postSolution
		SolutionGuid = {E2376D8F-838C-4ACB-93B0-62C371EF5904}
	EndGlobalSection
EndGlobal
